
Microsoft Visual Studio Solution File, Format Version 12.00
# Visual Studio Version 16
VisualStudioVersion = 16.0.32929.386
MinimumVisualStudioVersion = 10.0.40219.1
Project("{FAE04EC0-301F-11D3-BF4B-00C04F79EFBC}") = "Wpf_INDEPENDENT WORK 1", "Wpf_INDEPENDENT WORK 1\Wpf_INDEPENDENT WORK 1.csproj", "{8BB0C490-D762-4927-A3E9-E1FBE4F73233}"
EndProject
Global
	GlobalSection(SolutionConfigurationPlatforms) = preSolution
		Debug|Any CPU = Debug|Any CPU
		Release|Any CPU = Release|Any CPU
	EndGlobalSection
	GlobalSection(ProjectConfigurationPlatforms) = postSolution
		{8BB0C490-D762-4927-A3E9-E1FBE4F73233}.Debug|Any CPU.ActiveCfg = Debug|Any CPU
		{8BB0C490-D762-4927-A3E9-E1FBE4F73233}.Debug|Any CPU.Build.0 = Debug|Any CPU
		{8BB0C490-D762-4927-A3E9-E1FBE4F73233}.Release|Any CPU.ActiveCfg = Release|Any CPU
		{8BB0C490-D762-4927-A3E9-E1FBE4F73233}.Release|Any CPU.Build.0 = Release|Any CPU
	EndGlobalSection
	GlobalSection(SolutionProperties) = preSolution
		HideSolutionNode = FALSE
	EndGlobalSection
	GlobalSection(ExtensibilityGlobals) = postSolution
		SolutionGuid = {C5DD7AB3-2EF0-4E80-B340-16DC873CFA01}
	EndGlobalSection
EndGlobal
